Microsoft Visual Studio Solution File, Format Version 12.00
# Visual Studio Version 16
VisualStudioVersion = 16.0.29709.97
MinimumVisualStudioVersion = 10.0.40219.1
Project("{9A19103F-16F7-4668-BE54-9A1E7A4F7556}") = "TaskManager", "TaskManager\TaskManager.csproj", "{1DFBB66B-5000-4D1E-81BB-F2E744B4FBC4}"
EndProject
Project("{FAE04EC0-301F-11D3-BF4B-00C04F79EFBC}") = "TaskManagerDatabase", "TaskManagerDatabase\TaskManagerDatabase.csproj", "{7CECC0FF-05BD-4140-AF31-B739124909B9}"
EndProject
Project("{FAE04EC0-301F-11D3-BF4B-00C04F79EFBC}") = "TaskManagerDatabaseTests", "TaskManagerDatabaseTests\TaskManagerDatabaseTests.csproj", "{8E35B48A-CF54-4549-8032-A52F12FA6EE9}"
EndProject
Global
	GlobalSection(SolutionConfigurationPlatforms) = preSolution
		Debug|Any CPU = Debug|Any CPU
		Release|Any CPU = Release|Any CPU
	EndGlobalSection
	GlobalSection(ProjectConfigurationPlatforms) = postSolution
		{1DFBB66B-5000-4D1E-81BB-F2E744B4FBC4}.Debug|Any CPU.ActiveCfg = Debug|Any CPU
		{1DFBB66B-5000-4D1E-81BB-F2E744B4FBC4}.Debug|Any CPU.Build.0 = Debug|Any CPU
		{1DFBB66B-5000-4D1E-81BB-F2E744B4FBC4}.Release|Any CPU.ActiveCfg = Release|Any CPU
		{1DFBB66B-5000-4D1E-81BB-F2E744B4FBC4}.Release|Any CPU.Build.0 = Release|Any CPU
		{7CECC0FF-05BD-4140-AF31-B739124909B9}.Debug|Any CPU.ActiveCfg = Debug|Any CPU
		{7CECC0FF-05BD-4140-AF31-B739124909B9}.Debug|Any CPU.Build.0 = Debug|Any CPU
		{7CECC0FF-05BD-4140-AF31-B739124909B9}.Release|Any CPU.ActiveCfg = Release|Any CPU
		{7CECC0FF-05BD-4140-AF31-B739124909B9}.Release|Any CPU.Build.0 = Release|Any CPU
		{8E35B48A-CF54-4549-8032-A52F12FA6EE9}.Debug|Any CPU.ActiveCfg = Debug|Any CPU
		{8E35B48A-CF54-4549-8032-A52F12FA6EE9}.Debug|Any CPU.Build.0 = Debug|Any CPU
		{8E35B48A-CF54-4549-8032-A52F12FA6EE9}.Release|Any CPU.ActiveCfg = Release|Any CPU
		{8E35B48A-CF54-4549-8032-A52F12FA6EE9}.Release|Any CPU.Build.0 = Release|Any CPU
	EndGlobalSection
	GlobalSection(SolutionProperties) = preSolution
		HideSolutionNode = FALSE
	EndGlobalSection
	GlobalSection(ExtensibilityGlobals) = postSolution
		SolutionGuid = {A428920A-FDDE-4771-89D9-27D946C6DFC3}
	EndGlobalSection
EndGlobal
